
Microsoft Visual Studio Solution File, Format Version 12.00
# Visual Studio Version 17
VisualStudioVersion = 17.4.33205.214
MinimumVisualStudioVersion = 10.0.40219.1
Project("{2150E333-8FDC-42A3-9474-1A3956D46DE8}") = "src", "src", "{4F981F1E-04A1-41D9-A9B9-4F39966E0B15}"
EndProject
Project("{FAE04EC0-301F-11D3-BF4B-00C04F79EFBC}") = "EzCS", "EzCS\EzCS.csproj", "{9501E4F0-F451-4B4E-9F1D-2FD6EE760540}"
EndProject
Project("{2150E333-8FDC-42A3-9474-1A3956D46DE8}") = "tests", "tests", "{7EFCD165-91F3-4AD9-9857-D340A846CD44}"
EndProject
Global
	GlobalSection(SolutionConfigurationPlatforms) = preSolution
		Debug|Any CPU = Debug|Any CPU
		Release|Any CPU = Release|Any CPU
	EndGlobalSection
	GlobalSection(ProjectConfigurationPlatforms) = postSolution
		{9501E4F0-F451-4B4E-9F1D-2FD6EE760540}.Debug|Any CPU.ActiveCfg = Debug|Any CPU
		{9501E4F0-F451-4B4E-9F1D-2FD6EE760540}.Debug|Any CPU.Build.0 = Debug|Any CPU
		{9501E4F0-F451-4B4E-9F1D-2FD6EE760540}.Release|Any CPU.ActiveCfg = Release|Any CPU
		{9501E4F0-F451-4B4E-9F1D-2FD6EE760540}.Release|Any CPU.Build.0 = Release|Any CPU
	EndGlobalSection
	GlobalSection(SolutionProperties) = preSolution
		HideSolutionNode = FALSE
	EndGlobalSection
	GlobalSection(NestedProjects) = preSolution
		{9501E4F0-F451-4B4E-9F1D-2FD6EE760540} = {4F981F1E-04A1-41D9-A9B9-4F39966E0B15}
	EndGlobalSection
	GlobalSection(ExtensibilityGlobals) = postSolution
		SolutionGuid = {F0CE2671-97F9-439E-BF30-D28FA9930A3D}
	EndGlobalSection
EndGlobal
